
Microsoft Visual Studio Solution File, Format Version 12.00
# Visual Studio Version 17
VisualStudioVersion = 17.4.33213.308
MinimumVisualStudioVersion = 10.0.40219.1
Project("{9A19103F-16F7-4668-BE54-9A1E7A4F7556}") = "Invoices.DAL", "Invoices.DAL\Invoices.DAL.csproj", "{81F418E5-009B-4593-A3E9-4523137BDDAA}"
EndProject
Project("{9A19103F-16F7-4668-BE54-9A1E7A4F7556}") = "Invoices.API", "Invoices.API\Invoices.API.csproj", "{F7DA81AE-17D7-46D2-879F-3FA021B74807}"
EndProject
Project("{9A19103F-16F7-4668-BE54-9A1E7A4F7556}") = "Invoices.BL", "Invoices.BL\Invoices.BL.csproj", "{0FCED1F0-D41F-42D7-9F50-2E908D8A4355}"
EndProject
Project("{9A19103F-16F7-4668-BE54-9A1E7A4F7556}") = "Invoices.Test", "Invoices.Test\Invoices.Test.csproj", "{FE48045B-A17D-4B1E-B9EF-187C5D06598A}"
EndProject
Project("{9A19103F-16F7-4668-BE54-9A1E7A4F7556}") = "Invoices.Helpers", "Invoices.Helpers\Invoices.Helpers.csproj", "{5151F2E7-048A-4925-8389-0D7BF78808A0}"
EndProject
Project("{9A19103F-16F7-4668-BE54-9A1E7A4F7556}") = "CaDummy", "CaDummy\CaDummy.csproj", "{F86DAA16-22B2-4B92-9A88-B727352B64A0}"
EndProject
Project("{FAE04EC0-301F-11D3-BF4B-00C04F79EFBC}") = "OMGSupplyStoreApp", "OMGSupplyStoreApp\OMGSupplyStoreApp.csproj", "{3E900158-FCED-4511-A42A-3095658C51AC}"
	ProjectSection(ProjectDependencies) = postProject
		{81F418E5-009B-4593-A3E9-4523137BDDAA} = {81F418E5-009B-4593-A3E9-4523137BDDAA}
	EndProjectSection
EndProject
Global
	GlobalSection(SolutionConfigurationPlatforms) = preSolution
		Debug|Any CPU = Debug|Any CPU
		Release|Any CPU = Release|Any CPU
	EndGlobalSection
	GlobalSection(ProjectConfigurationPlatforms) = postSolution
		{81F418E5-009B-4593-A3E9-4523137BDDAA}.Debug|Any CPU.ActiveCfg = Debug|Any CPU
		{81F418E5-009B-4593-A3E9-4523137BDDAA}.Debug|Any CPU.Build.0 = Debug|Any CPU
		{81F418E5-009B-4593-A3E9-4523137BDDAA}.Release|Any CPU.ActiveCfg = Release|Any CPU
		{81F418E5-009B-4593-A3E9-4523137BDDAA}.Release|Any CPU.Build.0 = Release|Any CPU
		{F7DA81AE-17D7-46D2-879F-3FA021B74807}.Debug|Any CPU.ActiveCfg = Debug|Any CPU
		{F7DA81AE-17D7-46D2-879F-3FA021B74807}.Debug|Any CPU.Build.0 = Debug|Any CPU
		{F7DA81AE-17D7-46D2-879F-3FA021B74807}.Release|Any CPU.ActiveCfg = Release|Any CPU
		{F7DA81AE-17D7-46D2-879F-3FA021B74807}.Release|Any CPU.Build.0 = Release|Any CPU
		{0FCED1F0-D41F-42D7-9F50-2E908D8A4355}.Debug|Any CPU.ActiveCfg = Debug|Any CPU
		{0FCED1F0-D41F-42D7-9F50-2E908D8A4355}.Debug|Any CPU.Build.0 = Debug|Any CPU
		{0FCED1F0-D41F-42D7-9F50-2E908D8A4355}.Release|Any CPU.ActiveCfg = Release|Any CPU
		{0FCED1F0-D41F-42D7-9F50-2E908D8A4355}.Release|Any CPU.Build.0 = Release|Any CPU
		{FE48045B-A17D-4B1E-B9EF-187C5D06598A}.Debug|Any CPU.ActiveCfg = Debug|Any CPU
		{FE48045B-A17D-4B1E-B9EF-187C5D06598A}.Debug|Any CPU.Build.0 = Debug|Any CPU
		{FE48045B-A17D-4B1E-B9EF-187C5D06598A}.Release|Any CPU.ActiveCfg = Release|Any CPU
		{FE48045B-A17D-4B1E-B9EF-187C5D06598A}.Release|Any CPU.Build.0 = Release|Any CPU
		{5151F2E7-048A-4925-8389-0D7BF78808A0}.Debug|Any CPU.ActiveCfg = Debug|Any CPU
		{5151F2E7-048A-4925-8389-0D7BF78808A0}.Debug|Any CPU.Build.0 = Debug|Any CPU
		{5151F2E7-048A-4925-8389-0D7BF78808A0}.Release|Any CPU.ActiveCfg = Release|Any CPU
		{5151F2E7-048A-4925-8389-0D7BF78808A0}.Release|Any CPU.Build.0 = Release|Any CPU
		{F86DAA16-22B2-4B92-9A88-B727352B64A0}.Debug|Any CPU.ActiveCfg = Debug|Any CPU
		{F86DAA16-22B2-4B92-9A88-B727352B64A0}.Debug|Any CPU.Build.0 = Debug|Any CPU
		{F86DAA16-22B2-4B92-9A88-B727352B64A0}.Release|Any CPU.ActiveCfg = Release|Any CPU
		{F86DAA16-22B2-4B92-9A88-B727352B64A0}.Release|Any CPU.Build.0 = Release|Any CPU
		{3E900158-FCED-4511-A42A-3095658C51AC}.Debug|Any CPU.ActiveCfg = Debug|Any CPU
		{3E900158-FCED-4511-A42A-3095658C51AC}.Debug|Any CPU.Build.0 = Debug|Any CPU
		{3E900158-FCED-4511-A42A-3095658C51AC}.Release|Any CPU.ActiveCfg = Release|Any CPU
		{3E900158-FCED-4511-A42A-3095658C51AC}.Release|Any CPU.Build.0 = Release|Any CPU
	EndGlobalSection
	GlobalSection(SolutionProperties) = preSolution
		HideSolutionNode = FALSE
	EndGlobalSection
	GlobalSection(ExtensibilityGlobals) = postSolution
		SolutionGuid = {7308198C-A54B-45FF-904C-3F0506AFA092}
	EndGlobalSection
EndGlobal
